
Microsoft Visual Studio Solution File, Format Version 12.00
# Visual Studio Version 17
VisualStudioVersion = 17.9.34622.214
MinimumVisualStudioVersion = 10.0.40219.1
Project("{FAE04EC0-301F-11D3-BF4B-00C04F79EFBC}") = "Exjob", "Exjob.csproj", "{240D2025-BB7B-43DA-B591-495EA8BD5E10}"
EndProject
Global
	GlobalSection(SolutionConfigurationPlatforms) = preSolution
		Debug|Any CPU = Debug|Any CPU
		Release|Any CPU = Release|Any CPU
	EndGlobalSection
	GlobalSection(ProjectConfigurationPlatforms) = postSolution
		{240D2025-BB7B-43DA-B591-495EA8BD5E10}.Debug|Any CPU.ActiveCfg = Debug|Any CPU
		{240D2025-BB7B-43DA-B591-495EA8BD5E10}.Debug|Any CPU.Build.0 = Debug|Any CPU
		{240D2025-BB7B-43DA-B591-495EA8BD5E10}.Release|Any CPU.ActiveCfg = Release|Any CPU
		{240D2025-BB7B-43DA-B591-495EA8BD5E10}.Release|Any CPU.Build.0 = Release|Any CPU
	EndGlobalSection
	GlobalSection(SolutionProperties) = preSolution
		HideSolutionNode = FALSE
	EndGlobalSection
	GlobalSection(ExtensibilityGlobals) = postSolution
		SolutionGuid = {F67BC8C1-C238-4C18-8103-81F309D6F34B}
	EndGlobalSection
EndGlobal
